// !$*UTF8*$!
{
	archiveVersion = 1;
	classes = {
	};
	objectVersion = 52;
	objects = {

/* Begin PBXBuildFile section */
		4A02571E24CD85EE007A5B0C /* SearchCoordinator.swift in Sources */ = {isa = PBXBuildFile; fileRef = 4A02571D24CD85EE007A5B0C /* SearchCoordinator.swift */; };
		4A02572024CDC7DD007A5B0C /* DownloadsCoordinator.swift in Sources */ = {isa = PBXBuildFile; fileRef = 4A02571F24CDC7DD007A5B0C /* DownloadsCoordinator.swift */; };
		4A02572524CF2436007A5B0C /* HTTPMethod.swift in Sources */ = {isa = PBXBuildFile; fileRef = 4A02572424CF2436007A5B0C /* HTTPMethod.swift */; };
		4A02572724CF249D007A5B0C /* URLSessionHttpClient.swift in Sources */ = {isa = PBXBuildFile; fileRef = 4A02572624CF249D007A5B0C /* URLSessionHttpClient.swift */; };
		4A02572924CF24E0007A5B0C /* HTTPClient.swift in Sources */ = {isa = PBXBuildFile; fileRef = 4A02572824CF24E0007A5B0C /* HTTPClient.swift */; };
		4A02572B24CF3512007A5B0C /* ApiLogger.swift in Sources */ = {isa = PBXBuildFile; fileRef = 4A02572A24CF3512007A5B0C /* ApiLogger.swift */; };
		4A02572F24CF4325007A5B0C /* PodcastGateway.swift in Sources */ = {isa = PBXBuildFile; fileRef = 4A02572E24CF4325007A5B0C /* PodcastGateway.swift */; };
		4A02573224CF47E7007A5B0C /* Podcast.swift in Sources */ = {isa = PBXBuildFile; fileRef = 4A02573124CF47E7007A5B0C /* Podcast.swift */; };
		4A02573524CF4C32007A5B0C /* SearchPodcastUseCase.swift in Sources */ = {isa = PBXBuildFile; fileRef = 4A02573424CF4C31007A5B0C /* SearchPodcastUseCase.swift */; };
		4A02573824CF7AB2007A5B0C /* ApiPodcast.swift in Sources */ = {isa = PBXBuildFile; fileRef = 4A02573724CF7AB2007A5B0C /* ApiPodcast.swift */; };
		4A02573B24CF87E0007A5B0C /* SearchPodcastApiRequest.swift in Sources */ = {isa = PBXBuildFile; fileRef = 4A02573A24CF87E0007A5B0C /* SearchPodcastApiRequest.swift */; };
		4A02573D24CF8CFB007A5B0C /* SearchPodcastMapper.swift in Sources */ = {isa = PBXBuildFile; fileRef = 4A02573C24CF8CFB007A5B0C /* SearchPodcastMapper.swift */; };
		4A02574024CF8E5D007A5B0C /* HTTPURLResponse+StatusCode.swift in Sources */ = {isa = PBXBuildFile; fileRef = 4A02573F24CF8E5D007A5B0C /* HTTPURLResponse+StatusCode.swift */; };
		4A02574324CFCE10007A5B0C /* SearchPodcaseViewModel.swift in Sources */ = {isa = PBXBuildFile; fileRef = 4A02574224CFCE10007A5B0C /* SearchPodcaseViewModel.swift */; };
		4A02574624CFD32E007A5B0C /* RxCocoa in Frameworks */ = {isa = PBXBuildFile; productRef = 4A02574524CFD32E007A5B0C /* RxCocoa */; };
		4A02574824CFD32E007A5B0C /* RxSwift in Frameworks */ = {isa = PBXBuildFile; productRef = 4A02574724CFD32E007A5B0C /* RxSwift */; };
		4A02574A24D06BD7007A5B0C /* SearchViewViewModel.swift in Sources */ = {isa = PBXBuildFile; fileRef = 4A02574924D06BD7007A5B0C /* SearchViewViewModel.swift */; };
		4A02574D24D0DC26007A5B0C /* SearchPodCastTableViewCell.swift in Sources */ = {isa = PBXBuildFile; fileRef = 4A02574C24D0DC26007A5B0C /* SearchPodCastTableViewCell.swift */; };
		4A02575024D138D1007A5B0C /* SDWebImage in Frameworks */ = {isa = PBXBuildFile; productRef = 4A02574F24D138D1007A5B0C /* SDWebImage */; };
		4A02575324D1F916007A5B0C /* EpisodesViewController.swift in Sources */ = {isa = PBXBuildFile; fileRef = 4A02575224D1F916007A5B0C /* EpisodesViewController.swift */; };
		4A02575524D1F97C007A5B0C /* EpisodesComposer.swift in Sources */ = {isa = PBXBuildFile; fileRef = 4A02575424D1F97C007A5B0C /* EpisodesComposer.swift */; };
		4A0EAF5E24CD7EEA00CA1788 /* FavoritesViewController.swift in Sources */ = {isa = PBXBuildFile; fileRef = 4A0EAF5D24CD7EEA00CA1788 /* FavoritesViewController.swift */; };
		4A0EAF6024CD7EF700CA1788 /* SearchViewController.swift in Sources */ = {isa = PBXBuildFile; fileRef = 4A0EAF5F24CD7EF700CA1788 /* SearchViewController.swift */; };
		4A0EAF6224CD7F2200CA1788 /* DownloadsViewController.swift in Sources */ = {isa = PBXBuildFile; fileRef = 4A0EAF6124CD7F2200CA1788 /* DownloadsViewController.swift */; };
		4A0EAF6424CD7F4C00CA1788 /* FavoritesComposer.swift in Sources */ = {isa = PBXBuildFile; fileRef = 4A0EAF6324CD7F4C00CA1788 /* FavoritesComposer.swift */; };
		4A0EAF6624CD803000CA1788 /* SearchComposer.swift in Sources */ = {isa = PBXBuildFile; fileRef = 4A0EAF6524CD803000CA1788 /* SearchComposer.swift */; };
		4A0EAF6824CD806800CA1788 /* DownloadsComposer.swift in Sources */ = {isa = PBXBuildFile; fileRef = 4A0EAF6724CD806800CA1788 /* DownloadsComposer.swift */; };
		4A0EAF6A24CD822700CA1788 /* FavoritesCoordinator.swift in Sources */ = {isa = PBXBuildFile; fileRef = 4A0EAF6924CD822700CA1788 /* FavoritesCoordinator.swift */; };
		4A5AF35A24CCCCE700D56A0B /* AppDelegate.swift in Sources */ = {isa = PBXBuildFile; fileRef = 4A5AF35924CCCCE700D56A0B /* AppDelegate.swift */; };
		4A5AF35C24CCCCE700D56A0B /* SceneDelegate.swift in Sources */ = {isa = PBXBuildFile; fileRef = 4A5AF35B24CCCCE700D56A0B /* SceneDelegate.swift */; };
		4A5AF36324CCCCEB00D56A0B /* Assets.xcassets in Resources */ = {isa = PBXBuildFile; fileRef = 4A5AF36224CCCCEB00D56A0B /* Assets.xcassets */; };
		4A5AF36624CCCCEB00D56A0B /* LaunchScreen.storyboard in Resources */ = {isa = PBXBuildFile; fileRef = 4A5AF36424CCCCEB00D56A0B /* LaunchScreen.storyboard */; };
		4A5AF37124CCCCEB00D56A0B /* PodcastsKoTests.swift in Sources */ = {isa = PBXBuildFile; fileRef = 4A5AF37024CCCCEB00D56A0B /* PodcastsKoTests.swift */; };
		4A5AF37C24CCCCEB00D56A0B /* PodcastsKoUITests.swift in Sources */ = {isa = PBXBuildFile; fileRef = 4A5AF37B24CCCCEB00D56A0B /* PodcastsKoUITests.swift */; };
		4A5AF39024CCF22A00D56A0B /* CoordinatorType.swift in Sources */ = {isa = PBXBuildFile; fileRef = 4A5AF38F24CCF22A00D56A0B /* CoordinatorType.swift */; };
		4A5AF39224CCF53D00D56A0B /* MainCoordinator.swift in Sources */ = {isa = PBXBuildFile; fileRef = 4A5AF39124CCF53D00D56A0B /* MainCoordinator.swift */; };
		4A5AF39624CD10AB00D56A0B /* MainTabBarController.swift in Sources */ = {isa = PBXBuildFile; fileRef = 4A5AF39524CD10AB00D56A0B /* MainTabBarController.swift */; };
		4A5AF39824CD10CB00D56A0B /* MainTabBarComposer.swift in Sources */ = {isa = PBXBuildFile; fileRef = 4A5AF39724CD10CB00D56A0B /* MainTabBarComposer.swift */; };
/* End PBXBuildFile section */

/* Begin PBXContainerItemProxy section */
		4A5AF36D24CCCCEB00D56A0B /* PBXContainerItemProxy */ = {
			isa = PBXContainerItemProxy;
			containerPortal = 4A5AF34E24CCCCE700D56A0B /* Project object */;
			proxyType = 1;
			remoteGlobalIDString = 4A5AF35524CCCCE700D56A0B;
			remoteInfo = PodcastsKo;
		};
		4A5AF37824CCCCEB00D56A0B /* PBXContainerItemProxy */ = {
			isa = PBXContainerItemProxy;
			containerPortal = 4A5AF34E24CCCCE700D56A0B /* Project object */;
			proxyType = 1;
			remoteGlobalIDString = 4A5AF35524CCCCE700D56A0B;
			remoteInfo = PodcastsKo;
		};
/* End PBXContainerItemProxy section */

/* Begin PBXFileReference section */
		4A02571D24CD85EE007A5B0C /* SearchCoordinator.swift */ = {isa = PBXFileReference; lastKnownFileType = sourcecode.swift; path = SearchCoordinator.swift; sourceTree = "<group>"; };
		4A02571F24CDC7DD007A5B0C /* DownloadsCoordinator.swift */ = {isa = PBXFileReference; lastKnownFileType = sourcecode.swift; path = DownloadsCoordinator.swift; sourceTree = "<group>"; };
		4A02572424CF2436007A5B0C /* HTTPMethod.swift */ = {isa = PBXFileReference; lastKnownFileType = sourcecode.swift; path = HTTPMethod.swift; sourceTree = "<group>"; };
		4A02572624CF249D007A5B0C /* URLSessionHttpClient.swift */ = {isa = PBXFileReference; lastKnownFileType = sourcecode.swift; path = URLSessionHttpClient.swift; sourceTree = "<group>"; };
		4A02572824CF24E0007A5B0C /* HTTPClient.swift */ = {isa = PBXFileReference; lastKnownFileType = sourcecode.swift; path = HTTPClient.swift; sourceTree = "<group>"; };
		4A02572A24CF3512007A5B0C /* ApiLogger.swift */ = {isa = PBXFileReference; lastKnownFileType = sourcecode.swift; path = ApiLogger.swift; sourceTree = "<group>"; };
		4A02572E24CF4325007A5B0C /* PodcastGateway.swift */ = {isa = PBXFileReference; lastKnownFileType = sourcecode.swift; path = PodcastGateway.swift; sourceTree = "<group>"; };
		4A02573124CF47E7007A5B0C /* Podcast.swift */ = {isa = PBXFileReference; lastKnownFileType = sourcecode.swift; path = Podcast.swift; sourceTree = "<group>"; };
		4A02573424CF4C31007A5B0C /* SearchPodcastUseCase.swift */ = {isa = PBXFileReference; lastKnownFileType = sourcecode.swift; path = SearchPodcastUseCase.swift; sourceTree = "<group>"; };
		4A02573724CF7AB2007A5B0C /* ApiPodcast.swift */ = {isa = PBXFileReference; lastKnownFileType = sourcecode.swift; path = ApiPodcast.swift; sourceTree = "<group>"; };
		4A02573A24CF87E0007A5B0C /* SearchPodcastApiRequest.swift */ = {isa = PBXFileReference; lastKnownFileType = sourcecode.swift; path = SearchPodcastApiRequest.swift; sourceTree = "<group>"; };
		4A02573C24CF8CFB007A5B0C /* SearchPodcastMapper.swift */ = {isa = PBXFileReference; lastKnownFileType = sourcecode.swift; path = SearchPodcastMapper.swift; sourceTree = "<group>"; };
		4A02573F24CF8E5D007A5B0C /* HTTPURLResponse+StatusCode.swift */ = {isa = PBXFileReference; lastKnownFileType = sourcecode.swift; path = "HTTPURLResponse+StatusCode.swift"; sourceTree = "<group>"; };
		4A02574224CFCE10007A5B0C /* SearchPodcaseViewModel.swift */ = {isa = PBXFileReference; lastKnownFileType = sourcecode.swift; path = SearchPodcaseViewModel.swift; sourceTree = "<group>"; };
		4A02574924D06BD7007A5B0C /* SearchViewViewModel.swift */ = {isa = PBXFileReference; lastKnownFileType = sourcecode.swift; path = SearchViewViewModel.swift; sourceTree = "<group>"; };
		4A02574C24D0DC26007A5B0C /* SearchPodCastTableViewCell.swift */ = {isa = PBXFileReference; lastKnownFileType = sourcecode.swift; path = SearchPodCastTableViewCell.swift; sourceTree = "<group>"; };
		4A02575224D1F916007A5B0C /* EpisodesViewController.swift */ = {isa = PBXFileReference; lastKnownFileType = sourcecode.swift; path = EpisodesViewController.swift; sourceTree = "<group>"; };
		4A02575424D1F97C007A5B0C /* EpisodesComposer.swift */ = {isa = PBXFileReference; lastKnownFileType = sourcecode.swift; path = EpisodesComposer.swift; sourceTree = "<group>"; };
		4A0EAF5D24CD7EEA00CA1788 /* FavoritesViewController.swift */ = {isa = PBXFileReference; lastKnownFileType = sourcecode.swift; path = FavoritesViewController.swift; sourceTree = "<group>"; };
		4A0EAF5F24CD7EF700CA1788 /* SearchViewController.swift */ = {isa = PBXFileReference; lastKnownFileType = sourcecode.swift; path = SearchViewController.swift; sourceTree = "<group>"; };
		4A0EAF6124CD7F2200CA1788 /* DownloadsViewController.swift */ = {isa = PBXFileReference; lastKnownFileType = sourcecode.swift; path = DownloadsViewController.swift; sourceTree = "<group>"; };
		4A0EAF6324CD7F4C00CA1788 /* FavoritesComposer.swift */ = {isa = PBXFileReference; lastKnownFileType = sourcecode.swift; path = FavoritesComposer.swift; sourceTree = "<group>"; };
		4A0EAF6524CD803000CA1788 /* SearchComposer.swift */ = {isa = PBXFileReference; lastKnownFileType = sourcecode.swift; path = SearchComposer.swift; sourceTree = "<group>"; };
		4A0EAF6724CD806800CA1788 /* DownloadsComposer.swift */ = {isa = PBXFileReference; lastKnownFileType = sourcecode.swift; path = DownloadsComposer.swift; sourceTree = "<group>"; };
		4A0EAF6924CD822700CA1788 /* FavoritesCoordinator.swift */ = {isa = PBXFileReference; lastKnownFileType = sourcecode.swift; path = FavoritesCoordinator.swift; sourceTree = "<group>"; };
		4A5AF35624CCCCE700D56A0B /* PodcastsKo.app */ = {isa = PBXFileReference; explicitFileType = wrapper.application; includeInIndex = 0; path = PodcastsKo.app; sourceTree = BUILT_PRODUCTS_DIR; };
		4A5AF35924CCCCE700D56A0B /* AppDelegate.swift */ = {isa = PBXFileReference; lastKnownFileType = sourcecode.swift; path = AppDelegate.swift; sourceTree = "<group>"; };
		4A5AF35B24CCCCE700D56A0B /* SceneDelegate.swift */ = {isa = PBXFileReference; lastKnownFileType = sourcecode.swift; path = SceneDelegate.swift; sourceTree = "<group>"; };
		4A5AF36224CCCCEB00D56A0B /* Assets.xcassets */ = {isa = PBXFileReference; lastKnownFileType = folder.assetcatalog; path = Assets.xcassets; sourceTree = "<group>"; };
		4A5AF36524CCCCEB00D56A0B /* Base */ = {isa = PBXFileReference; lastKnownFileType = file.storyboard; name = Base; path = Base.lproj/LaunchScreen.storyboard; sourceTree = "<group>"; };
		4A5AF36724CCCCEB00D56A0B /* Info.plist */ = {isa = PBXFileReference; lastKnownFileType = text.plist.xml; path = Info.plist; sourceTree = "<group>"; };
		4A5AF36C24CCCCEB00D56A0B /* PodcastsKoTests.xctest */ = {isa = PBXFileReference; explicitFileType = wrapper.cfbundle; includeInIndex = 0; path = PodcastsKoTests.xctest; sourceTree = BUILT_PRODUCTS_DIR; };
		4A5AF37024CCCCEB00D56A0B /* PodcastsKoTests.swift */ = {isa = PBXFileReference; lastKnownFileType = sourcecode.swift; path = PodcastsKoTests.swift; sourceTree = "<group>"; };
		4A5AF37224CCCCEB00D56A0B /* Info.plist */ = {isa = PBXFileReference; lastKnownFileType = text.plist.xml; path = Info.plist; sourceTree = "<group>"; };
		4A5AF37724CCCCEB00D56A0B /* PodcastsKoUITests.xctest */ = {isa = PBXFileReference; explicitFileType = wrapper.cfbundle; includeInIndex = 0; path = PodcastsKoUITests.xctest; sourceTree = BUILT_PRODUCTS_DIR; };
		4A5AF37B24CCCCEB00D56A0B /* PodcastsKoUITests.swift */ = {isa = PBXFileReference; lastKnownFileType = sourcecode.swift; path = PodcastsKoUITests.swift; sourceTree = "<group>"; };
		4A5AF37D24CCCCEB00D56A0B /* Info.plist */ = {isa = PBXFileReference; lastKnownFileType = text.plist.xml; path = Info.plist; sourceTree = "<group>"; };
		4A5AF38F24CCF22A00D56A0B /* CoordinatorType.swift */ = {isa = PBXFileReference; lastKnownFileType = sourcecode.swift; path = CoordinatorType.swift; sourceTree = "<group>"; };
		4A5AF39124CCF53D00D56A0B /* MainCoordinator.swift */ = {isa = PBXFileReference; lastKnownFileType = sourcecode.swift; path = MainCoordinator.swift; sourceTree = "<group>"; };
		4A5AF39524CD10AB00D56A0B /* MainTabBarController.swift */ = {isa = PBXFileReference; lastKnownFileType = sourcecode.swift; path = MainTabBarController.swift; sourceTree = "<group>"; };
		4A5AF39724CD10CB00D56A0B /* MainTabBarComposer.swift */ = {isa = PBXFileReference; lastKnownFileType = sourcecode.swift; path = MainTabBarComposer.swift; sourceTree = "<group>"; };
/* End PBXFileReference section */

/* Begin PBXFrameworksBuildPhase section */
		4A5AF35324CCCCE700D56A0B /* Frameworks */ = {
			isa = PBXFrameworksBuildPhase;
			buildActionMask = 2147483647;
			files = (
				4A02575024D138D1007A5B0C /* SDWebImage in Frameworks */,
				4A02574824CFD32E007A5B0C /* RxSwift in Frameworks */,
				4A02574624CFD32E007A5B0C /* RxCocoa in Frameworks */,
			);
			runOnlyForDeploymentPostprocessing = 0;
		};
		4A5AF36924CCCCEB00D56A0B /* Frameworks */ = {
			isa = PBXFrameworksBuildPhase;
			buildActionMask = 2147483647;
			files = (
			);
			runOnlyForDeploymentPostprocessing = 0;
		};
		4A5AF37424CCCCEB00D56A0B /* Frameworks */ = {
			isa = PBXFrameworksBuildPhase;
			buildActionMask = 2147483647;
			files = (
			);
			runOnlyForDeploymentPostprocessing = 0;
		};
/* End PBXFrameworksBuildPhase section */

/* Begin PBXGroup section */
		4A02572124CF14B4007A5B0C /* Domain */ = {
			isa = PBXGroup;
			children = (
				4A02574124CFCB0F007A5B0C /* ViewModels */,
				4A02573324CF4873007A5B0C /* UseCases */,
				4A02573024CF453F007A5B0C /* Entities */,
			);
			path = Domain;
			sourceTree = "<group>";
		};
		4A02572224CF2243007A5B0C /* Gateway */ = {
			isa = PBXGroup;
			children = (
				4A02572324CF2426007A5B0C /* Api */,
			);
			path = Gateway;
			sourceTree = "<group>";
		};
		4A02572324CF2426007A5B0C /* Api */ = {
			isa = PBXGroup;
			children = (
				4A02573E24CF8E42007A5B0C /* Helpers */,
				4A02573924CF8799007A5B0C /* Requests */,
				4A02573624CF7AA1007A5B0C /* Entities */,
				4A02572D24CF3F18007A5B0C /* Gateways */,
				4A02572C24CF3EC7007A5B0C /* ResponseMappers */,
				4A02572424CF2436007A5B0C /* HTTPMethod.swift */,
				4A02572624CF249D007A5B0C /* URLSessionHttpClient.swift */,
				4A02572824CF24E0007A5B0C /* HTTPClient.swift */,
				4A02572A24CF3512007A5B0C /* ApiLogger.swift */,
			);
			path = Api;
			sourceTree = "<group>";
		};
		4A02572C24CF3EC7007A5B0C /* ResponseMappers */ = {
			isa = PBXGroup;
			children = (
				4A02573C24CF8CFB007A5B0C /* SearchPodcastMapper.swift */,
			);
			path = ResponseMappers;
			sourceTree = "<group>";
		};
		4A02572D24CF3F18007A5B0C /* Gateways */ = {
			isa = PBXGroup;
			children = (
				4A02572E24CF4325007A5B0C /* PodcastGateway.swift */,
			);
			path = Gateways;
			sourceTree = "<group>";
		};
		4A02573024CF453F007A5B0C /* Entities */ = {
			isa = PBXGroup;
			children = (
				4A02573124CF47E7007A5B0C /* Podcast.swift */,
			);
			path = Entities;
			sourceTree = "<group>";
		};
		4A02573324CF4873007A5B0C /* UseCases */ = {
			isa = PBXGroup;
			children = (
				4A02573424CF4C31007A5B0C /* SearchPodcastUseCase.swift */,
			);
			path = UseCases;
			sourceTree = "<group>";
		};
		4A02573624CF7AA1007A5B0C /* Entities */ = {
			isa = PBXGroup;
			children = (
				4A02573724CF7AB2007A5B0C /* ApiPodcast.swift */,
			);
			path = Entities;
			sourceTree = "<group>";
		};
		4A02573924CF8799007A5B0C /* Requests */ = {
			isa = PBXGroup;
			children = (
				4A02573A24CF87E0007A5B0C /* SearchPodcastApiRequest.swift */,
			);
			path = Requests;
			sourceTree = "<group>";
		};
		4A02573E24CF8E42007A5B0C /* Helpers */ = {
			isa = PBXGroup;
			children = (
				4A02573F24CF8E5D007A5B0C /* HTTPURLResponse+StatusCode.swift */,
			);
			path = Helpers;
			sourceTree = "<group>";
		};
		4A02574124CFCB0F007A5B0C /* ViewModels */ = {
			isa = PBXGroup;
			children = (
				4A02574224CFCE10007A5B0C /* SearchPodcaseViewModel.swift */,
			);
			path = ViewModels;
			sourceTree = "<group>";
		};
		4A02574B24D0DC04007A5B0C /* Cell */ = {
			isa = PBXGroup;
			children = (
				4A02574C24D0DC26007A5B0C /* SearchPodCastTableViewCell.swift */,
			);
			path = Cell;
			sourceTree = "<group>";
		};
		4A02575124D1F83C007A5B0C /* Episodes */ = {
			isa = PBXGroup;
			children = (
				4A02575224D1F916007A5B0C /* EpisodesViewController.swift */,
				4A02575424D1F97C007A5B0C /* EpisodesComposer.swift */,
			);
			path = Episodes;
			sourceTree = "<group>";
		};
		4A0EAF5A24CD7EB400CA1788 /* Favorites */ = {
			isa = PBXGroup;
			children = (
				4A0EAF5D24CD7EEA00CA1788 /* FavoritesViewController.swift */,
				4A0EAF6324CD7F4C00CA1788 /* FavoritesComposer.swift */,
			);
			path = Favorites;
			sourceTree = "<group>";
		};
		4A0EAF5B24CD7EBD00CA1788 /* Search */ = {
			isa = PBXGroup;
			children = (
				4A02574B24D0DC04007A5B0C /* Cell */,
				4A0EAF5F24CD7EF700CA1788 /* SearchViewController.swift */,
				4A0EAF6524CD803000CA1788 /* SearchComposer.swift */,
				4A02574924D06BD7007A5B0C /* SearchViewViewModel.swift */,
			);
			path = Search;
			sourceTree = "<group>";
		};
		4A0EAF5C24CD7EC300CA1788 /* Downloads */ = {
			isa = PBXGroup;
			children = (
				4A0EAF6124CD7F2200CA1788 /* DownloadsViewController.swift */,
				4A0EAF6724CD806800CA1788 /* DownloadsComposer.swift */,
			);
			path = Downloads;
			sourceTree = "<group>";
		};
		4A5AF34D24CCCCE700D56A0B = {
			isa = PBXGroup;
			children = (
				4A5AF35824CCCCE700D56A0B /* PodcastsKo */,
				4A5AF36F24CCCCEB00D56A0B /* PodcastsKoTests */,
				4A5AF37A24CCCCEB00D56A0B /* PodcastsKoUITests */,
				4A5AF35724CCCCE700D56A0B /* Products */,
			);
			sourceTree = "<group>";
		};
		4A5AF35724CCCCE700D56A0B /* Products */ = {
			isa = PBXGroup;
			children = (
				4A5AF35624CCCCE700D56A0B /* PodcastsKo.app */,
				4A5AF36C24CCCCEB00D56A0B /* PodcastsKoTests.xctest */,
				4A5AF37724CCCCEB00D56A0B /* PodcastsKoUITests.xctest */,
			);
			name = Products;
			sourceTree = "<group>";
		};
		4A5AF35824CCCCE700D56A0B /* PodcastsKo */ = {
			isa = PBXGroup;
			children = (
				4A5AF38924CCCF2F00D56A0B /* App */,
				4A02572124CF14B4007A5B0C /* Domain */,
				4A02572224CF2243007A5B0C /* Gateway */,
				4A5AF38B24CCCF4000D56A0B /* Resources */,
				4A5AF38A24CCCF3500D56A0B /* SupportingFiles */,
			);
			path = PodcastsKo;
			sourceTree = "<group>";
		};
		4A5AF36F24CCCCEB00D56A0B /* PodcastsKoTests */ = {
			isa = PBXGroup;
			children = (
				4A5AF37024CCCCEB00D56A0B /* PodcastsKoTests.swift */,
				4A5AF37224CCCCEB00D56A0B /* Info.plist */,
			);
			path = PodcastsKoTests;
			sourceTree = "<group>";
		};
		4A5AF37A24CCCCEB00D56A0B /* PodcastsKoUITests */ = {
			isa = PBXGroup;
			children = (
				4A5AF37B24CCCCEB00D56A0B /* PodcastsKoUITests.swift */,
				4A5AF37D24CCCCEB00D56A0B /* Info.plist */,
			);
			path = PodcastsKoUITests;
			sourceTree = "<group>";
		};
		4A5AF38924CCCF2F00D56A0B /* App */ = {
			isa = PBXGroup;
			children = (
				4A5AF38E24CCF21C00D56A0B /* Coordinator */,
				4A5AF38D24CCD01F00D56A0B /* Main */,
				4A5AF38C24CCD01000D56A0B /* Screens */,
			);
			path = App;
			sourceTree = "<group>";
		};
		4A5AF38A24CCCF3500D56A0B /* SupportingFiles */ = {
			isa = PBXGroup;
			children = (
				4A5AF36724CCCCEB00D56A0B /* Info.plist */,
			);
			path = SupportingFiles;
			sourceTree = "<group>";
		};
		4A5AF38B24CCCF4000D56A0B /* Resources */ = {
			isa = PBXGroup;
			children = (
				4A5AF36224CCCCEB00D56A0B /* Assets.xcassets */,
			);
			path = Resources;
			sourceTree = "<group>";
		};
		4A5AF38C24CCD01000D56A0B /* Screens */ = {
			isa = PBXGroup;
			children = (
				4A02575124D1F83C007A5B0C /* Episodes */,
				4A0EAF5C24CD7EC300CA1788 /* Downloads */,
				4A0EAF5B24CD7EBD00CA1788 /* Search */,
				4A0EAF5A24CD7EB400CA1788 /* Favorites */,
				4A5AF39424CD0C1200D56A0B /* Main */,
				4A5AF39324CD0C0600D56A0B /* Launch */,
			);
			path = Screens;
			sourceTree = "<group>";
		};
		4A5AF38D24CCD01F00D56A0B /* Main */ = {
			isa = PBXGroup;
			children = (
				4A5AF35924CCCCE700D56A0B /* AppDelegate.swift */,
				4A5AF35B24CCCCE700D56A0B /* SceneDelegate.swift */,
			);
			path = Main;
			sourceTree = "<group>";
		};
		4A5AF38E24CCF21C00D56A0B /* Coordinator */ = {
			isa = PBXGroup;
			children = (
				4A5AF38F24CCF22A00D56A0B /* CoordinatorType.swift */,
				4A5AF39124CCF53D00D56A0B /* MainCoordinator.swift */,
				4A0EAF6924CD822700CA1788 /* FavoritesCoordinator.swift */,
				4A02571D24CD85EE007A5B0C /* SearchCoordinator.swift */,
				4A02571F24CDC7DD007A5B0C /* DownloadsCoordinator.swift */,
			);
			path = Coordinator;
			sourceTree = "<group>";
		};
		4A5AF39324CD0C0600D56A0B /* Launch */ = {
			isa = PBXGroup;
			children = (
				4A5AF36424CCCCEB00D56A0B /* LaunchScreen.storyboard */,
			);
			path = Launch;
			sourceTree = "<group>";
		};
		4A5AF39424CD0C1200D56A0B /* Main */ = {
			isa = PBXGroup;
			children = (
				4A5AF39724CD10CB00D56A0B /* MainTabBarComposer.swift */,
				4A5AF39524CD10AB00D56A0B /* MainTabBarController.swift */,
			);
			path = Main;
			sourceTree = "<group>";
		};
/* End PBXGroup section */

/* Begin PBXNativeTarget section */
		4A5AF35524CCCCE700D56A0B /* PodcastsKo */ = {
			isa = PBXNativeTarget;
			buildConfigurationList = 4A5AF38024CCCCEB00D56A0B /* Build configuration list for PBXNativeTarget "PodcastsKo" */;
			buildPhases = (
				4A5AF35224CCCCE700D56A0B /* Sources */,
				4A5AF35324CCCCE700D56A0B /* Frameworks */,
				4A5AF35424CCCCE700D56A0B /* Resources */,
			);
			buildRules = (
			);
			dependencies = (
			);
			name = PodcastsKo;
			packageProductDependencies = (
				4A02574524CFD32E007A5B0C /* RxCocoa */,
				4A02574724CFD32E007A5B0C /* RxSwift */,
				4A02574F24D138D1007A5B0C /* SDWebImage */,
			);
			productName = PodcastsKo;
			productReference = 4A5AF35624CCCCE700D56A0B /* PodcastsKo.app */;
			productType = "com.apple.product-type.application";
		};
		4A5AF36B24CCCCEB00D56A0B /* PodcastsKoTests */ = {
			isa = PBXNativeTarget;
			buildConfigurationList = 4A5AF38324CCCCEB00D56A0B /* Build configuration list for PBXNativeTarget "PodcastsKoTests" */;
			buildPhases = (
				4A5AF36824CCCCEB00D56A0B /* Sources */,
				4A5AF36924CCCCEB00D56A0B /* Frameworks */,
				4A5AF36A24CCCCEB00D56A0B /* Resources */,
			);
			buildRules = (
			);
			dependencies = (
				4A5AF36E24CCCCEB00D56A0B /* PBXTargetDependency */,
			);
			name = PodcastsKoTests;
			productName = PodcastsKoTests;
			productReference = 4A5AF36C24CCCCEB00D56A0B /* PodcastsKoTests.xctest */;
			productType = "com.apple.product-type.bundle.unit-test";
		};
		4A5AF37624CCCCEB00D56A0B /* PodcastsKoUITests */ = {
			isa = PBXNativeTarget;
			buildConfigurationList = 4A5AF38624CCCCEB00D56A0B /* Build configuration list for PBXNativeTarget "PodcastsKoUITests" */;
			buildPhases = (
				4A5AF37324CCCCEB00D56A0B /* Sources */,
				4A5AF37424CCCCEB00D56A0B /* Frameworks */,
				4A5AF37524CCCCEB00D56A0B /* Resources */,
			);
			buildRules = (
			);
			dependencies = (
				4A5AF37924CCCCEB00D56A0B /* PBXTargetDependency */,
			);
			name = PodcastsKoUITests;
			productName = PodcastsKoUITests;
			productReference = 4A5AF37724CCCCEB00D56A0B /* PodcastsKoUITests.xctest */;
			productType = "com.apple.product-type.bundle.ui-testing";
		};
/* End PBXNativeTarget section */

/* Begin PBXProject section */
		4A5AF34E24CCCCE700D56A0B /* Project object */ = {
			isa = PBXProject;
			attributes = {
				LastSwiftUpdateCheck = 1160;
				LastUpgradeCheck = 1160;
				ORGANIZATIONNAME = "JohnRoque Inc";
				TargetAttributes = {
					4A5AF35524CCCCE700D56A0B = {
						CreatedOnToolsVersion = 11.6;
					};
					4A5AF36B24CCCCEB00D56A0B = {
						CreatedOnToolsVersion = 11.6;
						TestTargetID = 4A5AF35524CCCCE700D56A0B;
					};
					4A5AF37624CCCCEB00D56A0B = {
						CreatedOnToolsVersion = 11.6;
						TestTargetID = 4A5AF35524CCCCE700D56A0B;
					};
				};
			};
			buildConfigurationList = 4A5AF35124CCCCE700D56A0B /* Build configuration list for PBXProject "PodcastsKo" */;
			compatibilityVersion = "Xcode 9.3";
			developmentRegion = en;
			hasScannedForEncodings = 0;
			knownRegions = (
				en,
				Base,
			);
			mainGroup = 4A5AF34D24CCCCE700D56A0B;
			packageReferences = (
				4A02574424CFD32E007A5B0C /* XCRemoteSwiftPackageReference "RxSwift" */,
				4A02574E24D138D1007A5B0C /* XCRemoteSwiftPackageReference "SDWebImage" */,
			);
			productRefGroup = 4A5AF35724CCCCE700D56A0B /* Products */;
			projectDirPath = "";
			projectRoot = "";
			targets = (
				4A5AF35524CCCCE700D56A0B /* PodcastsKo */,
				4A5AF36B24CCCCEB00D56A0B /* PodcastsKoTests */,
				4A5AF37624CCCCEB00D56A0B /* PodcastsKoUITests */,
			);
		};
/* End PBXProject section */

/* Begin PBXResourcesBuildPhase section */
		4A5AF35424CCCCE700D56A0B /* Resources */ = {
			isa = PBXResourcesBuildPhase;
			buildActionMask = 2147483647;
			files = (
				4A5AF36624CCCCEB00D56A0B /* LaunchScreen.storyboard in Resources */,
				4A5AF36324CCCCEB00D56A0B /* Assets.xcassets in Resources */,
			);
			runOnlyForDeploymentPostprocessing = 0;
		};
		4A5AF36A24CCCCEB00D56A0B /* Resources */ = {
			isa = PBXResourcesBuildPhase;
			buildActionMask = 2147483647;
			files = (
			);
			runOnlyForDeploymentPostprocessing = 0;
		};
		4A5AF37524CCCCEB00D56A0B /* Resources */ = {
			isa = PBXResourcesBuildPhase;
			buildActionMask = 2147483647;
			files = (
			);
			runOnlyForDeploymentPostprocessing = 0;
		};
/* End PBXResourcesBuildPhase section */

/* Begin PBXSourcesBuildPhase section */
		4A5AF35224CCCCE700D56A0B /* Sources */ = {
			isa = PBXSourcesBuildPhase;
			buildActionMask = 2147483647;
			files = (
				4A02575324D1F916007A5B0C /* EpisodesViewController.swift in Sources */,
				4A02575524D1F97C007A5B0C /* EpisodesComposer.swift in Sources */,
				4A02573824CF7AB2007A5B0C /* ApiPodcast.swift in Sources */,
				4A5AF35A24CCCCE700D56A0B /* AppDelegate.swift in Sources */,
				4A02572024CDC7DD007A5B0C /* DownloadsCoordinator.swift in Sources */,
				4A0EAF6824CD806800CA1788 /* DownloadsComposer.swift in Sources */,
				4A5AF39624CD10AB00D56A0B /* MainTabBarController.swift in Sources */,
				4A0EAF6624CD803000CA1788 /* SearchComposer.swift in Sources */,
				4A02572B24CF3512007A5B0C /* ApiLogger.swift in Sources */,
				4A0EAF6024CD7EF700CA1788 /* SearchViewController.swift in Sources */,
				4A02573D24CF8CFB007A5B0C /* SearchPodcastMapper.swift in Sources */,
				4A0EAF5E24CD7EEA00CA1788 /* FavoritesViewController.swift in Sources */,
				4A02573224CF47E7007A5B0C /* Podcast.swift in Sources */,
				4A02574D24D0DC26007A5B0C /* SearchPodCastTableViewCell.swift in Sources */,
				4A02571E24CD85EE007A5B0C /* SearchCoordinator.swift in Sources */,
				4A0EAF6A24CD822700CA1788 /* FavoritesCoordinator.swift in Sources */,
				4A5AF39024CCF22A00D56A0B /* CoordinatorType.swift in Sources */,
				4A0EAF6224CD7F2200CA1788 /* DownloadsViewController.swift in Sources */,
				4A5AF39824CD10CB00D56A0B /* MainTabBarComposer.swift in Sources */,
				4A02574024CF8E5D007A5B0C /* HTTPURLResponse+StatusCode.swift in Sources */,
				4A02572524CF2436007A5B0C /* HTTPMethod.swift in Sources */,
				4A5AF39224CCF53D00D56A0B /* MainCoordinator.swift in Sources */,
				4A02572924CF24E0007A5B0C /* HTTPClient.swift in Sources */,
				4A02574324CFCE10007A5B0C /* SearchPodcaseViewModel.swift in Sources */,
				4A5AF35C24CCCCE700D56A0B /* SceneDelegate.swift in Sources */,
				4A0EAF6424CD7F4C00CA1788 /* FavoritesComposer.swift in Sources */,
				4A02572724CF249D007A5B0C /* URLSessionHttpClient.swift in Sources */,
				4A02573524CF4C32007A5B0C /* SearchPodcastUseCase.swift in Sources */,
				4A02574A24D06BD7007A5B0C /* SearchViewViewModel.swift in Sources */,
				4A02572F24CF4325007A5B0C /* PodcastGateway.swift in Sources */,
				4A02573B24CF87E0007A5B0C /* SearchPodcastApiRequest.swift in Sources */,
			);
			runOnlyForDeploymentPostprocessing = 0;
		};
		4A5AF36824CCCCEB00D56A0B /* Sources */ = {
			isa = PBXSourcesBuildPhase;
			buildActionMask = 2147483647;
			files = (
				4A5AF37124CCCCEB00D56A0B /* PodcastsKoTests.swift in Sources */,
			);
			runOnlyForDeploymentPostprocessing = 0;
		};
		4A5AF37324CCCCEB00D56A0B /* Sources */ = {
			isa = PBXSourcesBuildPhase;
			buildActionMask = 2147483647;
			files = (
				4A5AF37C24CCCCEB00D56A0B /* PodcastsKoUITests.swift in Sources */,
			);
			runOnlyForDeploymentPostprocessing = 0;
		};
/* End PBXSourcesBuildPhase section */

/* Begin PBXTargetDependency section */
		4A5AF36E24CCCCEB00D56A0B /* PBXTargetDependency */ = {
			isa = PBXTargetDependency;
			target = 4A5AF35524CCCCE700D56A0B /* PodcastsKo */;
			targetProxy = 4A5AF36D24CCCCEB00D56A0B /* PBXContainerItemProxy */;
		};
		4A5AF37924CCCCEB00D56A0B /* PBXTargetDependency */ = {
			isa = PBXTargetDependency;
			target = 4A5AF35524CCCCE700D56A0B /* PodcastsKo */;
			targetProxy = 4A5AF37824CCCCEB00D56A0B /* PBXContainerItemProxy */;
		};
/* End PBXTargetDependency section */

/* Begin PBXVariantGroup section */
		4A5AF36424CCCCEB00D56A0B /* LaunchScreen.storyboard */ = {
			isa = PBXVariantGroup;
			children = (
				4A5AF36524CCCCEB00D56A0B /* Base */,
			);
			name = LaunchScreen.storyboard;
			sourceTree = "<group>";
		};
/* End PBXVariantGroup section */

/* Begin XCBuildConfiguration section */
		4A5AF37E24CCCCEB00D56A0B /* Debug */ = {
			isa = XCBuildConfiguration;
			buildSettings = {
				ALWAYS_SEARCH_USER_PATHS = NO;
				CLANG_ANALYZER_NONNULL = YES;
				CLANG_ANALYZER_NUMBER_OBJECT_CONVERSION = YES_AGGRESSIVE;
				CLANG_CXX_LANGUAGE_STANDARD = "gnu++14";
				CLANG_CXX_LIBRARY = "libc++";
				CLANG_ENABLE_MODULES = YES;
				CLANG_ENABLE_OBJC_ARC = YES;
				CLANG_ENABLE_OBJC_WEAK = YES;
				CLANG_WARN_BLOCK_CAPTURE_AUTORELEASING = YES;
				CLANG_WARN_BOOL_CONVERSION = YES;
				CLANG_WARN_COMMA = YES;
				CLANG_WARN_CONSTANT_CONVERSION = YES;
				CLANG_WARN_DEPRECATED_OBJC_IMPLEMENTATIONS = YES;
				CLANG_WARN_DIRECT_OBJC_ISA_USAGE = YES_ERROR;
				CLANG_WARN_DOCUMENTATION_COMMENTS = YES;
				CLANG_WARN_EMPTY_BODY = YES;
				CLANG_WARN_ENUM_CONVERSION = YES;
				CLANG_WARN_INFINITE_RECURSION = YES;
				CLANG_WARN_INT_CONVERSION = YES;
				CLANG_WARN_NON_LITERAL_NULL_CONVERSION = YES;
				CLANG_WARN_OBJC_IMPLICIT_RETAIN_SELF = YES;
				CLANG_WARN_OBJC_LITERAL_CONVERSION = YES;
				CLANG_WARN_OBJC_ROOT_CLASS = YES_ERROR;
				CLANG_WARN_RANGE_LOOP_ANALYSIS = YES;
				CLANG_WARN_STRICT_PROTOTYPES = YES;
				CLANG_WARN_SUSPICIOUS_MOVE = YES;
				CLANG_WARN_UNGUARDED_AVAILABILITY = YES_AGGRESSIVE;
				CLANG_WARN_UNREACHABLE_CODE = YES;
				CLANG_WARN__DUPLICATE_METHOD_MATCH = YES;
				COPY_PHASE_STRIP = NO;
				DEBUG_INFORMATION_FORMAT = dwarf;
				ENABLE_STRICT_OBJC_MSGSEND = YES;
				ENABLE_TESTABILITY = YES;
				GCC_C_LANGUAGE_STANDARD = gnu11;
				GCC_DYNAMIC_NO_PIC = NO;
				GCC_NO_COMMON_BLOCKS = YES;
				GCC_OPTIMIZATION_LEVEL = 0;
				GCC_PREPROCESSOR_DEFINITIONS = (
					"DEBUG=1",
					"$(inherited)",
				);
				GCC_WARN_64_TO_32_BIT_CONVERSION = YES;
				GCC_WARN_ABOUT_RETURN_TYPE = YES_ERROR;
				GCC_WARN_UNDECLARED_SELECTOR = YES;
				GCC_WARN_UNINITIALIZED_AUTOS = YES_AGGRESSIVE;
				GCC_WARN_UNUSED_FUNCTION = YES;
				GCC_WARN_UNUSED_VARIABLE = YES;
				IPHONEOS_DEPLOYMENT_TARGET = 13.6;
				MTL_ENABLE_DEBUG_INFO = INCLUDE_SOURCE;
				MTL_FAST_MATH = YES;
				ONLY_ACTIVE_ARCH = YES;
				SDKROOT = iphoneos;
				SWIFT_ACTIVE_COMPILATION_CONDITIONS = DEBUG;
				SWIFT_OPTIMIZATION_LEVEL = "-Onone";
			};
			name = Debug;
		};
		4A5AF37F24CCCCEB00D56A0B /* Release */ = {
			isa = XCBuildConfiguration;
			buildSettings = {
				ALWAYS_SEARCH_USER_PATHS = NO;
				CLANG_ANALYZER_NONNULL = YES;
				CLANG_ANALYZER_NUMBER_OBJECT_CONVERSION = YES_AGGRESSIVE;
				CLANG_CXX_LANGUAGE_STANDARD = "gnu++14";
				CLANG_CXX_LIBRARY = "libc++";
				CLANG_ENABLE_MODULES = YES;
				CLANG_ENABLE_OBJC_ARC = YES;
				CLANG_ENABLE_OBJC_WEAK = YES;
				CLANG_WARN_BLOCK_CAPTURE_AUTORELEASING = YES;
				CLANG_WARN_BOOL_CONVERSION = YES;
				CLANG_WARN_COMMA = YES;
				CLANG_WARN_CONSTANT_CONVERSION = YES;
				CLANG_WARN_DEPRECATED_OBJC_IMPLEMENTATIONS = YES;
				CLANG_WARN_DIRECT_OBJC_ISA_USAGE = YES_ERROR;
				CLANG_WARN_DOCUMENTATION_COMMENTS = YES;
				CLANG_WARN_EMPTY_BODY = YES;
				CLANG_WARN_ENUM_CONVERSION = YES;
				CLANG_WARN_INFINITE_RECURSION = YES;
				CLANG_WARN_INT_CONVERSION = YES;
				CLANG_WARN_NON_LITERAL_NULL_CONVERSION = YES;
				CLANG_WARN_OBJC_IMPLICIT_RETAIN_SELF = YES;
				CLANG_WARN_OBJC_LITERAL_CONVERSION = YES;
				CLANG_WARN_OBJC_ROOT_CLASS = YES_ERROR;
				CLANG_WARN_RANGE_LOOP_ANALYSIS = YES;
				CLANG_WARN_STRICT_PROTOTYPES = YES;
				CLANG_WARN_SUSPICIOUS_MOVE = YES;
				CLANG_WARN_UNGUARDED_AVAILABILITY = YES_AGGRESSIVE;
				CLANG_WARN_UNREACHABLE_CODE = YES;
				CLANG_WARN__DUPLICATE_METHOD_MATCH = YES;
				COPY_PHASE_STRIP = NO;
				DEBUG_INFORMATION_FORMAT = "dwarf-with-dsym";
				ENABLE_NS_ASSERTIONS = NO;
				ENABLE_STRICT_OBJC_MSGSEND = YES;
				GCC_C_LANGUAGE_STANDARD = gnu11;
				GCC_NO_COMMON_BLOCKS = YES;
				GCC_WARN_64_TO_32_BIT_CONVERSION = YES;
				GCC_WARN_ABOUT_RETURN_TYPE = YES_ERROR;
				GCC_WARN_UNDECLARED_SELECTOR = YES;
				GCC_WARN_UNINITIALIZED_AUTOS = YES_AGGRESSIVE;
				GCC_WARN_UNUSED_FUNCTION = YES;
				GCC_WARN_UNUSED_VARIABLE = YES;
				IPHONEOS_DEPLOYMENT_TARGET = 13.6;
				MTL_ENABLE_DEBUG_INFO = NO;
				MTL_FAST_MATH = YES;
				SDKROOT = iphoneos;
				SWIFT_COMPILATION_MODE = wholemodule;
				SWIFT_OPTIMIZATION_LEVEL = "-O";
				VALIDATE_PRODUCT = YES;
			};
			name = Release;
		};
		4A5AF38124CCCCEB00D56A0B /* Debug */ = {
			isa = XCBuildConfiguration;
			buildSettings = {
				ASSETCATALOG_COMPILER_APPICON_NAME = AppIcon;
				CODE_SIGN_STYLE = Automatic;
				DEVELOPMENT_TEAM = DNZ5Z4EKKR;
				INFOPLIST_FILE = PodcastsKo/SupportingFiles/Info.plist;
				LD_RUNPATH_SEARCH_PATHS = (
					"$(inherited)",
					"@executable_path/Frameworks",
				);
				PRODUCT_BUNDLE_IDENTIFIER = com.johnroque.PodcastsKo;
				PRODUCT_NAME = "$(TARGET_NAME)";
				SWIFT_VERSION = 5.0;
				TARGETED_DEVICE_FAMILY = "1,2";
			};
			name = Debug;
		};
		4A5AF38224CCCCEB00D56A0B /* Release */ = {
			isa = XCBuildConfiguration;
			buildSettings = {
				ASSETCATALOG_COMPILER_APPICON_NAME = AppIcon;
				CODE_SIGN_STYLE = Automatic;
				DEVELOPMENT_TEAM = DNZ5Z4EKKR;
				INFOPLIST_FILE = PodcastsKo/SupportingFiles/Info.plist;
				LD_RUNPATH_SEARCH_PATHS = (
					"$(inherited)",
					"@executable_path/Frameworks",
				);
				PRODUCT_BUNDLE_IDENTIFIER = com.johnroque.PodcastsKo;
				PRODUCT_NAME = "$(TARGET_NAME)";
				SWIFT_VERSION = 5.0;
				TARGETED_DEVICE_FAMILY = "1,2";
			};
			name = Release;
		};
		4A5AF38424CCCCEB00D56A0B /* Debug */ = {
			isa = XCBuildConfiguration;
			buildSettings = {
				ALWAYS_EMBED_SWIFT_STANDARD_LIBRARIES = YES;
				BUNDLE_LOADER = "$(TEST_HOST)";
				CODE_SIGN_STYLE = Automatic;
				DEVELOPMENT_TEAM = DNZ5Z4EKKR;
				INFOPLIST_FILE = PodcastsKoTests/Info.plist;
				IPHONEOS_DEPLOYMENT_TARGET = 13.6;
				LD_RUNPATH_SEARCH_PATHS = (
					"$(inherited)",
					"@executable_path/Frameworks",
					"@loader_path/Frameworks",
				);
				PRODUCT_BUNDLE_IDENTIFIER = com.johnroque.PodcastsKoTests;
				PRODUCT_NAME = "$(TARGET_NAME)";
				SWIFT_VERSION = 5.0;
				TARGETED_DEVICE_FAMILY = "1,2";
				TEST_HOST = "$(BUILT_PRODUCTS_DIR)/PodcastsKo.app/PodcastsKo";
			};
			name = Debug;
		};
		4A5AF38524CCCCEB00D56A0B /* Release */ = {
			isa = XCBuildConfiguration;
			buildSettings = {
				ALWAYS_EMBED_SWIFT_STANDARD_LIBRARIES = YES;
				BUNDLE_LOADER = "$(TEST_HOST)";
				CODE_SIGN_STYLE = Automatic;
				DEVELOPMENT_TEAM = DNZ5Z4EKKR;
				INFOPLIST_FILE = PodcastsKoTests/Info.plist;
				IPHONEOS_DEPLOYMENT_TARGET = 13.6;
				LD_RUNPATH_SEARCH_PATHS = (
					"$(inherited)",
					"@executable_path/Frameworks",
					"@loader_path/Frameworks",
				);
				PRODUCT_BUNDLE_IDENTIFIER = com.johnroque.PodcastsKoTests;
				PRODUCT_NAME = "$(TARGET_NAME)";
				SWIFT_VERSION = 5.0;
				TARGETED_DEVICE_FAMILY = "1,2";
				TEST_HOST = "$(BUILT_PRODUCTS_DIR)/PodcastsKo.app/PodcastsKo";
			};
			name = Release;
		};
		4A5AF38724CCCCEB00D56A0B /* Debug */ = {
			isa = XCBuildConfiguration;
			buildSettings = {
				ALWAYS_EMBED_SWIFT_STANDARD_LIBRARIES = YES;
				CODE_SIGN_STYLE = Automatic;
				DEVELOPMENT_TEAM = DNZ5Z4EKKR;
				INFOPLIST_FILE = PodcastsKoUITests/Info.plist;
				LD_RUNPATH_SEARCH_PATHS = (
					"$(inherited)",
					"@executable_path/Frameworks",
					"@loader_path/Frameworks",
				);
				PRODUCT_BUNDLE_IDENTIFIER = com.johnroque.PodcastsKoUITests;
				PRODUCT_NAME = "$(TARGET_NAME)";
				SWIFT_VERSION = 5.0;
				TARGETED_DEVICE_FAMILY = "1,2";
				TEST_TARGET_NAME = PodcastsKo;
			};
			name = Debug;
		};
		4A5AF38824CCCCEB00D56A0B /* Release */ = {
			isa = XCBuildConfiguration;
			buildSettings = {
				ALWAYS_EMBED_SWIFT_STANDARD_LIBRARIES = YES;
				CODE_SIGN_STYLE = Automatic;
				DEVELOPMENT_TEAM = DNZ5Z4EKKR;
				INFOPLIST_FILE = PodcastsKoUITests/Info.plist;
				LD_RUNPATH_SEARCH_PATHS = (
					"$(inherited)",
					"@executable_path/Frameworks",
					"@loader_path/Frameworks",
				);
				PRODUCT_BUNDLE_IDENTIFIER = com.johnroque.PodcastsKoUITests;
				PRODUCT_NAME = "$(TARGET_NAME)";
				SWIFT_VERSION = 5.0;
				TARGETED_DEVICE_FAMILY = "1,2";
				TEST_TARGET_NAME = PodcastsKo;
			};
			name = Release;
		};
/* End XCBuildConfiguration section */

/* Begin XCConfigurationList section */
		4A5AF35124CCCCE700D56A0B /* Build configuration list for PBXProject "PodcastsKo" */ = {
			isa = XCConfigurationList;
			buildConfigurations = (
				4A5AF37E24CCCCEB00D56A0B /* Debug */,
				4A5AF37F24CCCCEB00D56A0B /* Release */,
			);
			defaultConfigurationIsVisible = 0;
			defaultConfigurationName = Release;
		};
		4A5AF38024CCCCEB00D56A0B /* Build configuration list for PBXNativeTarget "PodcastsKo" */ = {
			isa = XCConfigurationList;
			buildConfigurations = (
				4A5AF38124CCCCEB00D56A0B /* Debug */,
				4A5AF38224CCCCEB00D56A0B /* Release */,
			);
			defaultConfigurationIsVisible = 0;
			defaultConfigurationName = Release;
		};
		4A5AF38324CCCCEB00D56A0B /* Build configuration list for PBXNativeTarget "PodcastsKoTests" */ = {
			isa = XCConfigurationList;
			buildConfigurations = (
				4A5AF38424CCCCEB00D56A0B /* Debug */,
				4A5AF38524CCCCEB00D56A0B /* Release */,
			);
			defaultConfigurationIsVisible = 0;
			defaultConfigurationName = Release;
		};
		4A5AF38624CCCCEB00D56A0B /* Build configuration list for PBXNativeTarget "PodcastsKoUITests" */ = {
			isa = XCConfigurationList;
			buildConfigurations = (
				4A5AF38724CCCCEB00D56A0B /* Debug */,
				4A5AF38824CCCCEB00D56A0B /* Release */,
			);
			defaultConfigurationIsVisible = 0;
			defaultConfigurationName = Release;
		};
/* End XCConfigurationList section */

/* Begin XCRemoteSwiftPackageReference section */
		4A02574424CFD32E007A5B0C /* XCRemoteSwiftPackageReference "RxSwift" */ = {
			isa = XCRemoteSwiftPackageReference;
			repositoryURL = "https://github.com/ReactiveX/RxSwift";
			requirement = {
				kind = upToNextMajorVersion;
				minimumVersion = 5.1.1;
			};
		};
		4A02574E24D138D1007A5B0C /* XCRemoteSwiftPackageReference "SDWebImage" */ = {
			isa = XCRemoteSwiftPackageReference;
			repositoryURL = "https://github.com/SDWebImage/SDWebImage";
			requirement = {
				kind = upToNextMajorVersion;
				minimumVersion = 5.8.4;
			};
		};
/* End XCRemoteSwiftPackageReference section */

/* Begin XCSwiftPackageProductDependency section */
		4A02574524CFD32E007A5B0C /* RxCocoa */ = {
			isa = XCSwiftPackageProductDependency;
			package = 4A02574424CFD32E007A5B0C /* XCRemoteSwiftPackageReference "RxSwift" */;
			productName = RxCocoa;
		};
		4A02574724CFD32E007A5B0C /* RxSwift */ = {
			isa = XCSwiftPackageProductDependency;
			package = 4A02574424CFD32E007A5B0C /* XCRemoteSwiftPackageReference "RxSwift" */;
			productName = RxSwift;
		};
		4A02574F24D138D1007A5B0C /* SDWebImage */ = {
			isa = XCSwiftPackageProductDependency;
			package = 4A02574E24D138D1007A5B0C /* XCRemoteSwiftPackageReference "SDWebImage" */;
			productName = SDWebImage;
		};
/* End XCSwiftPackageProductDependency section */
	};
	rootObject = 4A5AF34E24CCCCE700D56A0B /* Project object */;
}
